
Microsoft Visual Studio Solution File, Format Version 12.00
# Visual Studio Version 17
VisualStudioVersion = 17.9.34701.34
MinimumVisualStudioVersion = 10.0.40219.1
Project("{FAE04EC0-301F-11D3-BF4B-00C04F79EFBC}") = "session1", "session1\session1.csproj", "{832C5A08-E849-4A0B-B71E-DF25574FA894}"
EndProject
Global
	GlobalSection(SolutionConfigurationPlatforms) = preSolution
		Debug|Any CPU = Debug|Any CPU
		Release|Any CPU = Release|Any CPU
	EndGlobalSection
	GlobalSection(ProjectConfigurationPlatforms) = postSolution
		{832C5A08-E849-4A0B-B71E-DF25574FA894}.Debug|Any CPU.ActiveCfg = Debug|Any CPU
		{832C5A08-E849-4A0B-B71E-DF25574FA894}.Debug|Any CPU.Build.0 = Debug|Any CPU
		{832C5A08-E849-4A0B-B71E-DF25574FA894}.Release|Any CPU.ActiveCfg = Release|Any CPU
		{832C5A08-E849-4A0B-B71E-DF25574FA894}.Release|Any CPU.Build.0 = Release|Any CPU
	EndGlobalSection
	GlobalSection(SolutionProperties) = preSolution
		HideSolutionNode = FALSE
	EndGlobalSection
	GlobalSection(ExtensibilityGlobals) = postSolution
		SolutionGuid = {5CE2911C-8015-45BC-960D-D904267BB07C}
	EndGlobalSection
EndGlobal
